// !$*UTF8*$!
{
	archiveVersion = 1;
	classes = {
	};
	objectVersion = 46;
	objects = {

/* Begin PBXBuildFile section */
		18383F8F1B04F6C5008FD8F2 /* fukidasi_brue.png in Resources */ = {isa = PBXBuildFile; fileRef = 18383F8D1B04F6C5008FD8F2 /* fukidasi_brue.png */; };
		18383F901B04F6C5008FD8F2 /* fukidasi_yellow.png in Resources */ = {isa = PBXBuildFile; fileRef = 18383F8E1B04F6C5008FD8F2 /* fukidasi_yellow.png */; };
		18383F921B04F6FF008FD8F2 /* Tack.swift in Sources */ = {isa = PBXBuildFile; fileRef = 18383F911B04F6FF008FD8F2 /* Tack.swift */; };
		18383F941B04F71E008FD8F2 /* DateLogic.swift in Sources */ = {isa = PBXBuildFile; fileRef = 18383F931B04F71E008FD8F2 /* DateLogic.swift */; };
		1840F3EA1ACFE20900FAEF5C /* SlideMenuController.swift in Sources */ = {isa = PBXBuildFile; fileRef = 1840F3E91ACFE20900FAEF5C /* SlideMenuController.swift */; };
		1840F3EC1ACFE40E00FAEF5C /* LeftboardViewController.swift in Sources */ = {isa = PBXBuildFile; fileRef = 1840F3EB1ACFE40E00FAEF5C /* LeftboardViewController.swift */; };
		1840F3EE1ACFF3E000FAEF5C /* RegisterAcountViewController.swift in Sources */ = {isa = PBXBuildFile; fileRef = 1840F3ED1ACFF3E000FAEF5C /* RegisterAcountViewController.swift */; };
		1840F3F01ACFF6D000FAEF5C /* EditSettingViewController.swift in Sources */ = {isa = PBXBuildFile; fileRef = 1840F3EF1ACFF6D000FAEF5C /* EditSettingViewController.swift */; };
		1840F3F21ACFF71A00FAEF5C /* WhatAppViewController.swift in Sources */ = {isa = PBXBuildFile; fileRef = 1840F3F11ACFF71A00FAEF5C /* WhatAppViewController.swift */; };
		1840F3F51AD0113100FAEF5C /* TackListViewController.swift in Sources */ = {isa = PBXBuildFile; fileRef = 1840F3F41AD0113100FAEF5C /* TackListViewController.swift */; };
		1840F3F71AD03CC100FAEF5C /* HTTPLogic.swift in Sources */ = {isa = PBXBuildFile; fileRef = 1840F3F61AD03CC100FAEF5C /* HTTPLogic.swift */; };
		1840F3F91AD0D30100FAEF5C /* SelfTackList.xib in Resources */ = {isa = PBXBuildFile; fileRef = 1840F3F81AD0D30100FAEF5C /* SelfTackList.xib */; };
		1840F3FB1AD0D4A800FAEF5C /* SelfTackListCell.swift in Sources */ = {isa = PBXBuildFile; fileRef = 1840F3FA1AD0D4A800FAEF5C /* SelfTackListCell.swift */; };
		1840F3FD1AD104F700FAEF5C /* ReplyView.swift in Sources */ = {isa = PBXBuildFile; fileRef = 1840F3FC1AD104F700FAEF5C /* ReplyView.swift */; };
		1840F3FF1AD1050900FAEF5C /* ReplyView.xib in Resources */ = {isa = PBXBuildFile; fileRef = 1840F3FE1AD1050900FAEF5C /* ReplyView.xib */; };
		1840F4071AD11F0900FAEF5C /* icon04_mytack.png in Resources */ = {isa = PBXBuildFile; fileRef = 1840F4031AD11F0900FAEF5C /* icon04_mytack.png */; };
		1840F4081AD11F0900FAEF5C /* icon03_activity.png in Resources */ = {isa = PBXBuildFile; fileRef = 1840F4041AD11F0900FAEF5C /* icon03_activity.png */; };
		1840F4091AD11F0900FAEF5C /* icon02_shopping.png in Resources */ = {isa = PBXBuildFile; fileRef = 1840F4051AD11F0900FAEF5C /* icon02_shopping.png */; };
		1840F40A1AD11F0900FAEF5C /* icon01_food.png in Resources */ = {isa = PBXBuildFile; fileRef = 1840F4061AD11F0900FAEF5C /* icon01_food.png */; };
		1840F40C1AD120F800FAEF5C /* icon00_tack.png in Resources */ = {isa = PBXBuildFile; fileRef = 1840F40B1AD120F800FAEF5C /* icon00_tack.png */; };
		185E4A741AE3E29000A2F8B7 /* pin01_food_.png in Resources */ = {isa = PBXBuildFile; fileRef = 185E4A731AE3E29000A2F8B7 /* pin01_food_.png */; };
		185E4A761AE3E29700A2F8B7 /* pin02_shopping_.png in Resources */ = {isa = PBXBuildFile; fileRef = 185E4A751AE3E29700A2F8B7 /* pin02_shopping_.png */; };
		185E4A781AE3E29A00A2F8B7 /* pin03_activity_.png in Resources */ = {isa = PBXBuildFile; fileRef = 185E4A771AE3E29A00A2F8B7 /* pin03_activity_.png */; };
		185E4A7A1AE3E29F00A2F8B7 /* pin04_mytack_.png in Resources */ = {isa = PBXBuildFile; fileRef = 185E4A791AE3E29F00A2F8B7 /* pin04_mytack_.png */; };
		185E4A891AE6937900A2F8B7 /* button01_camera_food.png in Resources */ = {isa = PBXBuildFile; fileRef = 185E4A7E1AE6937900A2F8B7 /* button01_camera_food.png */; };
		185E4A8A1AE6937900A2F8B7 /* button01_picture_food.png in Resources */ = {isa = PBXBuildFile; fileRef = 185E4A7F1AE6937900A2F8B7 /* button01_picture_food.png */; };
		185E4A8B1AE6937900A2F8B7 /* button02_camera_shopping.png in Resources */ = {isa = PBXBuildFile; fileRef = 185E4A801AE6937900A2F8B7 /* button02_camera_shopping.png */; };
		185E4A8C1AE6937900A2F8B7 /* button02_picture_shopping.png in Resources */ = {isa = PBXBuildFile; fileRef = 185E4A811AE6937900A2F8B7 /* button02_picture_shopping.png */; };
		185E4A8D1AE6937900A2F8B7 /* button03_camera_activity.png in Resources */ = {isa = PBXBuildFile; fileRef = 185E4A821AE6937900A2F8B7 /* button03_camera_activity.png */; };
		185E4A8E1AE6937900A2F8B7 /* button03_picture_activity.png in Resources */ = {isa = PBXBuildFile; fileRef = 185E4A831AE6937900A2F8B7 /* button03_picture_activity.png */; };
		185E4A8F1AE6937900A2F8B7 /* button01_food.png in Resources */ = {isa = PBXBuildFile; fileRef = 185E4A841AE6937900A2F8B7 /* button01_food.png */; };
		185E4A901AE6937900A2F8B7 /* button02_shopping.png in Resources */ = {isa = PBXBuildFile; fileRef = 185E4A851AE6937900A2F8B7 /* button02_shopping.png */; };
		185E4A911AE6937900A2F8B7 /* kakikomigamen_design-02.jpg in Resources */ = {isa = PBXBuildFile; fileRef = 185E4A861AE6937900A2F8B7 /* kakikomigamen_design-02.jpg */; };
		185E4A921AE6937900A2F8B7 /* button03_activity.png in Resources */ = {isa = PBXBuildFile; fileRef = 185E4A871AE6937900A2F8B7 /* button03_activity.png */; };
		185E4A931AE6937900A2F8B7 /* gazou_batu-01.png in Resources */ = {isa = PBXBuildFile; fileRef = 185E4A881AE6937900A2F8B7 /* gazou_batu-01.png */; };
		185E4A951AE6945100A2F8B7 /* TackWriteView.xib in Resources */ = {isa = PBXBuildFile; fileRef = 185E4A941AE6945100A2F8B7 /* TackWriteView.xib */; };
		185E4A9B1AE6986000A2F8B7 /* TackWriteView.swift in Sources */ = {isa = PBXBuildFile; fileRef = 185E4A9A1AE6986000A2F8B7 /* TackWriteView.swift */; };
		185E4A9D1AEC996D00A2F8B7 /* QuartzCore.framework in Frameworks */ = {isa = PBXBuildFile; fileRef = 185E4A9C1AEC996D00A2F8B7 /* QuartzCore.framework */; };
		185E4A9F1AECB4F900A2F8B7 /* noimage.png in Resources */ = {isa = PBXBuildFile; fileRef = 185E4A9E1AECB4F900A2F8B7 /* noimage.png */; };
		185E4AA11AECB96C00A2F8B7 /* UITextViewExt.swift in Sources */ = {isa = PBXBuildFile; fileRef = 185E4AA01AECB96C00A2F8B7 /* UITextViewExt.swift */; };
		188D75D51ABDAF680004350C /* Setting.swift in Sources */ = {isa = PBXBuildFile; fileRef = 188D75D41ABDAF680004350C /* Setting.swift */; };
		188D75D71ABEA0F70004350C /* AppiariesSDK.framework in Frameworks */ = {isa = PBXBuildFile; fileRef = 188D75D61ABEA0F70004350C /* AppiariesSDK.framework */; };
		188D75D91ABEBBBC0004350C /* Random.swift in Sources */ = {isa = PBXBuildFile; fileRef = 188D75D81ABEBBBC0004350C /* Random.swift */; };
		188D75DB1ABECB700004350C /* ImageLogic.swift in Sources */ = {isa = PBXBuildFile; fileRef = 188D75DA1ABECB700004350C /* ImageLogic.swift */; };
		188D75DD1AC19E170004350C /* InfoView.xib in Resources */ = {isa = PBXBuildFile; fileRef = 188D75DC1AC19E170004350C /* InfoView.xib */; };
		188D75DF1AC19FED0004350C /* InfoView.swift in Sources */ = {isa = PBXBuildFile; fileRef = 188D75DE1AC19FED0004350C /* InfoView.swift */; };
		18B7D3341AC7DC33009283B6 /* InfoViewDetailViewController.swift in Sources */ = {isa = PBXBuildFile; fileRef = 18B7D3331AC7DC33009283B6 /* InfoViewDetailViewController.swift */; };
		18B7D3361AC84BEC009283B6 /* LocalDataLogic.swift in Sources */ = {isa = PBXBuildFile; fileRef = 18B7D3351AC84BEC009283B6 /* LocalDataLogic.swift */; };
		18C5D9221AAAB92900AF7EBB /* MapLogic.swift in Sources */ = {isa = PBXBuildFile; fileRef = 18C5D9211AAAB92900AF7EBB /* MapLogic.swift */; };
		18C5D9271AAACCFC00AF7EBB /* Category.swift in Sources */ = {isa = PBXBuildFile; fileRef = 18C5D9261AAACCFC00AF7EBB /* Category.swift */; };
		18C5D9291AAACD5200AF7EBB /* State.swift in Sources */ = {isa = PBXBuildFile; fileRef = 18C5D9281AAACD5200AF7EBB /* State.swift */; };
		18C5D92B1AAAE95E00AF7EBB /* SnapCameraViewController.swift in Sources */ = {isa = PBXBuildFile; fileRef = 18C5D92A1AAAE95E00AF7EBB /* SnapCameraViewController.swift */; };
		18C805451A964E7600310A0A /* AppDelegate.swift in Sources */ = {isa = PBXBuildFile; fileRef = 18C805441A964E7600310A0A /* AppDelegate.swift */; };
		18C805481A964E7600310A0A /* jp_spinach_basho_swift_02.xcdatamodeld in Sources */ = {isa = PBXBuildFile; fileRef = 18C805461A964E7600310A0A /* jp_spinach_basho_swift_02.xcdatamodeld */; };
		18C8054A1A964E7600310A0A /* ViewControllerExt.swift in Sources */ = {isa = PBXBuildFile; fileRef = 18C805491A964E7600310A0A /* ViewControllerExt.swift */; };
		18C8054F1A964E7600310A0A /* Images.xcassets in Resources */ = {isa = PBXBuildFile; fileRef = 18C8054E1A964E7600310A0A /* Images.xcassets */; };
		18C805521A964E7600310A0A /* LaunchScreen.xib in Resources */ = {isa = PBXBuildFile; fileRef = 18C805501A964E7600310A0A /* LaunchScreen.xib */; };
		18C8055E1A964E7600310A0A /* jp_spinach_basho_swift_02Tests.swift in Sources */ = {isa = PBXBuildFile; fileRef = 18C8055D1A964E7600310A0A /* jp_spinach_basho_swift_02Tests.swift */; };
		18C805691A964FA400310A0A /* Main.storyboard in Resources */ = {isa = PBXBuildFile; fileRef = 18C805681A964FA400310A0A /* Main.storyboard */; };
		18C8056B1A964FB600310A0A /* MainViewController.swift in Sources */ = {isa = PBXBuildFile; fileRef = 18C8056A1A964FB600310A0A /* MainViewController.swift */; };
		18C8056D1A964FFB00310A0A /* CoreLocation.framework in Frameworks */ = {isa = PBXBuildFile; fileRef = 18C8056C1A964FFB00310A0A /* CoreLocation.framework */; };
		18C8056F1A96555900310A0A /* SwiftyJSON.swift in Sources */ = {isa = PBXBuildFile; fileRef = 18C8056E1A96555900310A0A /* SwiftyJSON.swift */; };
		18C805711A97A15300310A0A /* GMSMarkerExt.swift in Sources */ = {isa = PBXBuildFile; fileRef = 18C805701A97A15300310A0A /* GMSMarkerExt.swift */; };
		18CFE9851AED3C7F00EECEC4 /* SignUpViewController.swift in Sources */ = {isa = PBXBuildFile; fileRef = 18CFE9841AED3C7F00EECEC4 /* SignUpViewController.swift */; };
		18CFE9871AED3C9500EECEC4 /* Login.storyboard in Resources */ = {isa = PBXBuildFile; fileRef = 18CFE9861AED3C9500EECEC4 /* Login.storyboard */; };
		18F0426D1AF1298700A5151C /* left_menu-01.png in Resources */ = {isa = PBXBuildFile; fileRef = 18F0426C1AF1298700A5151C /* left_menu-01.png */; };
		18F042701AF12E6A00A5151C /* icon00_tack_back.png in Resources */ = {isa = PBXBuildFile; fileRef = 18F0426F1AF12E6A00A5151C /* icon00_tack_back.png */; };
		18F042721AF4F6B400A5151C /* SceneLogic.swift in Sources */ = {isa = PBXBuildFile; fileRef = 18F042711AF4F6B400A5151C /* SceneLogic.swift */; };
		18F042741AF5336100A5151C /* fukidasi_pink.png in Resources */ = {isa = PBXBuildFile; fileRef = 18F042731AF5336100A5151C /* fukidasi_pink.png */; };
		79CEBDBB6CD9A317ABEDE9FC /* libPods.a in Frameworks */ = {isa = PBXBuildFile; fileRef = 1A397054802405404586870A /* libPods.a */; };
		F56939421B14C8F6002D3A3D /* html in Resources */ = {isa = PBXBuildFile; fileRef = F56939411B14C8F6002D3A3D /* html */; };
		F56939441B18C38B002D3A3D /* pin03_activity.png in Resources */ = {isa = PBXBuildFile; fileRef = F56939431B18C38B002D3A3D /* pin03_activity.png */; };
		F56939461B18C39B002D3A3D /* pin01_food.png in Resources */ = {isa = PBXBuildFile; fileRef = F56939451B18C39B002D3A3D /* pin01_food.png */; };
		F56939481B18C3A3002D3A3D /* pin04_mytack.png in Resources */ = {isa = PBXBuildFile; fileRef = F56939471B18C3A3002D3A3D /* pin04_mytack.png */; };
		F569394A1B18C3A9002D3A3D /* pin02_shopping.png in Resources */ = {isa = PBXBuildFile; fileRef = F56939491B18C3A9002D3A3D /* pin02_shopping.png */; };
		F569394C1B1AF2CE002D3A3D /* NearTackListView.swift in Sources */ = {isa = PBXBuildFile; fileRef = F569394B1B1AF2CE002D3A3D /* NearTackListView.swift */; };
		F569394F1B1AFF40002D3A3D /* NearTackListView.xib in Resources */ = {isa = PBXBuildFile; fileRef = F569394D1B1AF2E0002D3A3D /* NearTackListView.xib */; };
/* End PBXBuildFile section */

/* Begin PBXContainerItemProxy section */
		18C805581A964E7600310A0A /* PBXContainerItemProxy */ = {
			isa = PBXContainerItemProxy;
			containerPortal = 18C805371A964E7600310A0A /* Project object */;
			proxyType = 1;
			remoteGlobalIDString = 18C8053E1A964E7600310A0A;
			remoteInfo = jp.spinach.basho.swift.02;
		};
/* End PBXContainerItemProxy section */

/* Begin PBXFileReference section */
		18383F8D1B04F6C5008FD8F2 /* fukidasi_brue.png */ = {isa = PBXFileReference; lastKnownFileType = image.png; path = fukidasi_brue.png; sourceTree = "<group>"; };
		18383F8E1B04F6C5008FD8F2 /* fukidasi_yellow.png */ = {isa = PBXFileReference; lastKnownFileType = image.png; path = fukidasi_yellow.png; sourceTree = "<group>"; };
		18383F911B04F6FF008FD8F2 /* Tack.swift */ = {isa = PBXFileReference; fileEncoding = 4; lastKnownFileType = sourcecode.swift; path = Tack.swift; sourceTree = "<group>"; };
		18383F931B04F71E008FD8F2 /* DateLogic.swift */ = {isa = PBXFileReference; fileEncoding = 4; lastKnownFileType = sourcecode.swift; path = DateLogic.swift; sourceTree = "<group>"; };
		1840F3E91ACFE20900FAEF5C /* SlideMenuController.swift */ = {isa = PBXFileReference; fileEncoding = 4; lastKnownFileType = sourcecode.swift; path = SlideMenuController.swift; sourceTree = "<group>"; };
		1840F3EB1ACFE40E00FAEF5C /* LeftboardViewController.swift */ = {isa = PBXFileReference; fileEncoding = 4; lastKnownFileType = sourcecode.swift; path = LeftboardViewController.swift; sourceTree = "<group>"; };
		1840F3ED1ACFF3E000FAEF5C /* RegisterAcountViewController.swift */ = {isa = PBXFileReference; fileEncoding = 4; lastKnownFileType = sourcecode.swift; path = RegisterAcountViewController.swift; sourceTree = "<group>"; };
		1840F3EF1ACFF6D000FAEF5C /* EditSettingViewController.swift */ = {isa = PBXFileReference; fileEncoding = 4; lastKnownFileType = sourcecode.swift; path = EditSettingViewController.swift; sourceTree = "<group>"; };
		1840F3F11ACFF71A00FAEF5C /* WhatAppViewController.swift */ = {isa = PBXFileReference; fileEncoding = 4; lastKnownFileType = sourcecode.swift; path = WhatAppViewController.swift; sourceTree = "<group>"; };
		1840F3F41AD0113100FAEF5C /* TackListViewController.swift */ = {isa = PBXFileReference; fileEncoding = 4; lastKnownFileType = sourcecode.swift; path = TackListViewController.swift; sourceTree = "<group>"; };
		1840F3F61AD03CC100FAEF5C /* HTTPLogic.swift */ = {isa = PBXFileReference; fileEncoding = 4; lastKnownFileType = sourcecode.swift; path = HTTPLogic.swift; sourceTree = "<group>"; };
		1840F3F81AD0D30100FAEF5C /* SelfTackList.xib */ = {isa = PBXFileReference; fileEncoding = 4; lastKnownFileType = file.xib; path = SelfTackList.xib; sourceTree = "<group>"; };
		1840F3FA1AD0D4A800FAEF5C /* SelfTackListCell.swift */ = {isa = PBXFileReference; fileEncoding = 4; lastKnownFileType = sourcecode.swift; path = SelfTackListCell.swift; sourceTree = "<group>"; };
		1840F3FC1AD104F700FAEF5C /* ReplyView.swift */ = {isa = PBXFileReference; fileEncoding = 4; lastKnownFileType = sourcecode.swift; path = ReplyView.swift; sourceTree = "<group>"; };
		1840F3FE1AD1050900FAEF5C /* ReplyView.xib */ = {isa = PBXFileReference; fileEncoding = 4; lastKnownFileType = file.xib; path = ReplyView.xib; sourceTree = "<group>"; };
		1840F4031AD11F0900FAEF5C /* icon04_mytack.png */ = {isa = PBXFileReference; lastKnownFileType = image.png; path = icon04_mytack.png; sourceTree = "<group>"; };
		1840F4041AD11F0900FAEF5C /* icon03_activity.png */ = {isa = PBXFileReference; lastKnownFileType = image.png; path = icon03_activity.png; sourceTree = "<group>"; };
		1840F4051AD11F0900FAEF5C /* icon02_shopping.png */ = {isa = PBXFileReference; lastKnownFileType = image.png; path = icon02_shopping.png; sourceTree = "<group>"; };
		1840F4061AD11F0900FAEF5C /* icon01_food.png */ = {isa = PBXFileReference; lastKnownFileType = image.png; path = icon01_food.png; sourceTree = "<group>"; };
		1840F40B1AD120F800FAEF5C /* icon00_tack.png */ = {isa = PBXFileReference; lastKnownFileType = image.png; path = icon00_tack.png; sourceTree = "<group>"; };
		185E4A731AE3E29000A2F8B7 /* pin01_food_.png */ = {isa = PBXFileReference; lastKnownFileType = image.png; path = pin01_food_.png; sourceTree = "<group>"; };
		185E4A751AE3E29700A2F8B7 /* pin02_shopping_.png */ = {isa = PBXFileReference; lastKnownFileType = image.png; path = pin02_shopping_.png; sourceTree = "<group>"; };
		185E4A771AE3E29A00A2F8B7 /* pin03_activity_.png */ = {isa = PBXFileReference; lastKnownFileType = image.png; path = pin03_activity_.png; sourceTree = "<group>"; };
		185E4A791AE3E29F00A2F8B7 /* pin04_mytack_.png */ = {isa = PBXFileReference; lastKnownFileType = image.png; path = pin04_mytack_.png; sourceTree = "<group>"; };
		185E4A7E1AE6937900A2F8B7 /* button01_camera_food.png */ = {isa = PBXFileReference; lastKnownFileType = image.png; path = button01_camera_food.png; sourceTree = "<group>"; };
		185E4A7F1AE6937900A2F8B7 /* button01_picture_food.png */ = {isa = PBXFileReference; lastKnownFileType = image.png; path = button01_picture_food.png; sourceTree = "<group>"; };
		185E4A801AE6937900A2F8B7 /* button02_camera_shopping.png */ = {isa = PBXFileReference; lastKnownFileType = image.png; path = button02_camera_shopping.png; sourceTree = "<group>"; };
		185E4A811AE6937900A2F8B7 /* button02_picture_shopping.png */ = {isa = PBXFileReference; lastKnownFileType = image.png; path = button02_picture_shopping.png; sourceTree = "<group>"; };
		185E4A821AE6937900A2F8B7 /* button03_camera_activity.png */ = {isa = PBXFileReference; lastKnownFileType = image.png; path = button03_camera_activity.png; sourceTree = "<group>"; };
		185E4A831AE6937900A2F8B7 /* button03_picture_activity.png */ = {isa = PBXFileReference; lastKnownFileType = image.png; path = button03_picture_activity.png; sourceTree = "<group>"; };
		185E4A841AE6937900A2F8B7 /* button01_food.png */ = {isa = PBXFileReference; lastKnownFileType = image.png; path = button01_food.png; sourceTree = "<group>"; };
		185E4A851AE6937900A2F8B7 /* button02_shopping.png */ = {isa = PBXFileReference; lastKnownFileType = image.png; path = button02_shopping.png; sourceTree = "<group>"; };
		185E4A861AE6937900A2F8B7 /* kakikomigamen_design-02.jpg */ = {isa = PBXFileReference; lastKnownFileType = image.jpeg; path = "kakikomigamen_design-02.jpg"; sourceTree = "<group>"; };
		185E4A871AE6937900A2F8B7 /* button03_activity.png */ = {isa = PBXFileReference; lastKnownFileType = image.png; path = button03_activity.png; sourceTree = "<group>"; };
		185E4A881AE6937900A2F8B7 /* gazou_batu-01.png */ = {isa = PBXFileReference; lastKnownFileType = image.png; path = "gazou_batu-01.png"; sourceTree = "<group>"; };
		185E4A941AE6945100A2F8B7 /* TackWriteView.xib */ = {isa = PBXFileReference; fileEncoding = 4; lastKnownFileType = file.xib; path = TackWriteView.xib; sourceTree = "<group>"; };
		185E4A9A1AE6986000A2F8B7 /* TackWriteView.swift */ = {isa = PBXFileReference; fileEncoding = 4; lastKnownFileType = sourcecode.swift; path = TackWriteView.swift; sourceTree = "<group>"; };
		185E4A9C1AEC996D00A2F8B7 /* QuartzCore.framework */ = {isa = PBXFileReference; lastKnownFileType = wrapper.framework; name = QuartzCore.framework; path = System/Library/Frameworks/QuartzCore.framework; sourceTree = SDKROOT; };
		185E4A9E1AECB4F900A2F8B7 /* noimage.png */ = {isa = PBXFileReference; lastKnownFileType = image.png; path = noimage.png; sourceTree = "<group>"; };
		185E4AA01AECB96C00A2F8B7 /* UITextViewExt.swift */ = {isa = PBXFileReference; fileEncoding = 4; lastKnownFileType = sourcecode.swift; path = UITextViewExt.swift; sourceTree = "<group>"; };
		188D75D41ABDAF680004350C /* Setting.swift */ = {isa = PBXFileReference; fileEncoding = 4; lastKnownFileType = sourcecode.swift; path = Setting.swift; sourceTree = "<group>"; };
		188D75D61ABEA0F70004350C /* AppiariesSDK.framework */ = {isa = PBXFileReference; lastKnownFileType = wrapper.framework; path = AppiariesSDK.framework; sourceTree = "<group>"; };
		188D75D81ABEBBBC0004350C /* Random.swift */ = {isa = PBXFileReference; fileEncoding = 4; lastKnownFileType = sourcecode.swift; path = Random.swift; sourceTree = "<group>"; };
		188D75DA1ABECB700004350C /* ImageLogic.swift */ = {isa = PBXFileReference; fileEncoding = 4; lastKnownFileType = sourcecode.swift; path = ImageLogic.swift; sourceTree = "<group>"; };
		188D75DC1AC19E170004350C /* InfoView.xib */ = {isa = PBXFileReference; fileEncoding = 4; lastKnownFileType = file.xib; path = InfoView.xib; sourceTree = "<group>"; };
		188D75DE1AC19FED0004350C /* InfoView.swift */ = {isa = PBXFileReference; fileEncoding = 4; lastKnownFileType = sourcecode.swift; path = InfoView.swift; sourceTree = "<group>"; };
		18B7D3331AC7DC33009283B6 /* InfoViewDetailViewController.swift */ = {isa = PBXFileReference; fileEncoding = 4; lastKnownFileType = sourcecode.swift; path = InfoViewDetailViewController.swift; sourceTree = "<group>"; };
		18B7D3351AC84BEC009283B6 /* LocalDataLogic.swift */ = {isa = PBXFileReference; fileEncoding = 4; lastKnownFileType = sourcecode.swift; path = LocalDataLogic.swift; sourceTree = "<group>"; };
		18C5D9211AAAB92900AF7EBB /* MapLogic.swift */ = {isa = PBXFileReference; fileEncoding = 4; lastKnownFileType = sourcecode.swift; path = MapLogic.swift; sourceTree = "<group>"; };
		18C5D9261AAACCFC00AF7EBB /* Category.swift */ = {isa = PBXFileReference; fileEncoding = 4; lastKnownFileType = sourcecode.swift; path = Category.swift; sourceTree = "<group>"; };
		18C5D9281AAACD5200AF7EBB /* State.swift */ = {isa = PBXFileReference; fileEncoding = 4; lastKnownFileType = sourcecode.swift; path = State.swift; sourceTree = "<group>"; };
		18C5D92A1AAAE95E00AF7EBB /* SnapCameraViewController.swift */ = {isa = PBXFileReference; fileEncoding = 4; lastKnownFileType = sourcecode.swift; path = SnapCameraViewController.swift; sourceTree = "<group>"; };
		18C8053F1A964E7600310A0A /* jp.spinach.basho.swift.02.app */ = {isa = PBXFileReference; explicitFileType = wrapper.application; includeInIndex = 0; path = jp.spinach.basho.swift.02.app; sourceTree = BUILT_PRODUCTS_DIR; };
		18C805431A964E7600310A0A /* Info.plist */ = {isa = PBXFileReference; lastKnownFileType = text.plist.xml; path = Info.plist; sourceTree = "<group>"; };
		18C805441A964E7600310A0A /* AppDelegate.swift */ = {isa = PBXFileReference; lastKnownFileType = sourcecode.swift; path = AppDelegate.swift; sourceTree = "<group>"; };
		18C805471A964E7600310A0A /* jp_spinach_basho_swift_02.xcdatamodel */ = {isa = PBXFileReference; lastKnownFileType = wrapper.xcdatamodel; path = jp_spinach_basho_swift_02.xcdatamodel; sourceTree = "<group>"; };
		18C805491A964E7600310A0A /* ViewControllerExt.swift */ = {isa = PBXFileReference; lastKnownFileType = sourcecode.swift; path = ViewControllerExt.swift; sourceTree = "<group>"; };
		18C8054E1A964E7600310A0A /* Images.xcassets */ = {isa = PBXFileReference; lastKnownFileType = folder.assetcatalog; path = Images.xcassets; sourceTree = "<group>"; };
		18C805511A964E7600310A0A /* Base */ = {isa = PBXFileReference; lastKnownFileType = file.xib; name = Base; path = Base.lproj/LaunchScreen.xib; sourceTree = "<group>"; };
		18C805571A964E7600310A0A /* jp.spinach.basho.swift.02Tests.xctest */ = {isa = PBXFileReference; explicitFileType = wrapper.cfbundle; includeInIndex = 0; path = jp.spinach.basho.swift.02Tests.xctest; sourceTree = BUILT_PRODUCTS_DIR; };
		18C8055C1A964E7600310A0A /* Info.plist */ = {isa = PBXFileReference; lastKnownFileType = text.plist.xml; path = Info.plist; sourceTree = "<group>"; };
		18C8055D1A964E7600310A0A /* jp_spinach_basho_swift_02Tests.swift */ = {isa = PBXFileReference; lastKnownFileType = sourcecode.swift; path = jp_spinach_basho_swift_02Tests.swift; sourceTree = "<group>"; };
		18C805671A964F6600310A0A /* jp.spinach.basho.swift.02-Bridging-Header.h */ = {isa = PBXFileReference; fileEncoding = 4; lastKnownFileType = sourcecode.c.h; path = "jp.spinach.basho.swift.02-Bridging-Header.h"; sourceTree = "<group>"; };
		18C805681A964FA400310A0A /* Main.storyboard */ = {isa = PBXFileReference; fileEncoding = 4; lastKnownFileType = file.storyboard; path = Main.storyboard; sourceTree = "<group>"; };
		18C8056A1A964FB600310A0A /* MainViewController.swift */ = {isa = PBXFileReference; fileEncoding = 4; lastKnownFileType = sourcecode.swift; path = MainViewController.swift; sourceTree = "<group>"; };
		18C8056C1A964FFB00310A0A /* CoreLocation.framework */ = {isa = PBXFileReference; lastKnownFileType = wrapper.framework; name = CoreLocation.framework; path = System/Library/Frameworks/CoreLocation.framework; sourceTree = SDKROOT; };
		18C8056E1A96555900310A0A /* SwiftyJSON.swift */ = {isa = PBXFileReference; fileEncoding = 4; lastKnownFileType = sourcecode.swift; name = SwiftyJSON.swift; path = ../SwiftyJSON.swift; sourceTree = "<group>"; };
		18C805701A97A15300310A0A /* GMSMarkerExt.swift */ = {isa = PBXFileReference; fileEncoding = 4; lastKnownFileType = sourcecode.swift; path = GMSMarkerExt.swift; sourceTree = "<group>"; };
		18CFE9841AED3C7F00EECEC4 /* SignUpViewController.swift */ = {isa = PBXFileReference; fileEncoding = 4; lastKnownFileType = sourcecode.swift; path = SignUpViewController.swift; sourceTree = "<group>"; };
		18CFE9861AED3C9500EECEC4 /* Login.storyboard */ = {isa = PBXFileReference; fileEncoding = 4; lastKnownFileType = file.storyboard; path = Login.storyboard; sourceTree = "<group>"; };
		18F0426C1AF1298700A5151C /* left_menu-01.png */ = {isa = PBXFileReference; lastKnownFileType = image.png; path = "left_menu-01.png"; sourceTree = "<group>"; };
		18F0426F1AF12E6A00A5151C /* icon00_tack_back.png */ = {isa = PBXFileReference; lastKnownFileType = image.png; path = icon00_tack_back.png; sourceTree = "<group>"; };
		18F042711AF4F6B400A5151C /* SceneLogic.swift */ = {isa = PBXFileReference; fileEncoding = 4; lastKnownFileType = sourcecode.swift; path = SceneLogic.swift; sourceTree = "<group>"; };
		18F042731AF5336100A5151C /* fukidasi_pink.png */ = {isa = PBXFileReference; lastKnownFileType = image.png; path = fukidasi_pink.png; sourceTree = "<group>"; };
		1A397054802405404586870A /* libPods.a */ = {isa = PBXFileReference; explicitFileType = archive.ar; includeInIndex = 0; path = libPods.a; sourceTree = BUILT_PRODUCTS_DIR; };
		8F2E52A56C50BF63EB07CC17 /* Pods.debug.xcconfig */ = {isa = PBXFileReference; includeInIndex = 1; lastKnownFileType = text.xcconfig; name = Pods.debug.xcconfig; path = "Pods/Target Support Files/Pods/Pods.debug.xcconfig"; sourceTree = "<group>"; };
		DC45FA1B2FF5A8270E8E3D39 /* Pods.release.xcconfig */ = {isa = PBXFileReference; includeInIndex = 1; lastKnownFileType = text.xcconfig; name = Pods.release.xcconfig; path = "Pods/Target Support Files/Pods/Pods.release.xcconfig"; sourceTree = "<group>"; };
		F56939411B14C8F6002D3A3D /* html */ = {isa = PBXFileReference; lastKnownFileType = folder; path = html; sourceTree = "<group>"; };
		F56939431B18C38B002D3A3D /* pin03_activity.png */ = {isa = PBXFileReference; lastKnownFileType = image.png; path = pin03_activity.png; sourceTree = "<group>"; };
		F56939451B18C39B002D3A3D /* pin01_food.png */ = {isa = PBXFileReference; lastKnownFileType = image.png; path = pin01_food.png; sourceTree = "<group>"; };
		F56939471B18C3A3002D3A3D /* pin04_mytack.png */ = {isa = PBXFileReference; lastKnownFileType = image.png; path = pin04_mytack.png; sourceTree = "<group>"; };
		F56939491B18C3A9002D3A3D /* pin02_shopping.png */ = {isa = PBXFileReference; lastKnownFileType = image.png; path = pin02_shopping.png; sourceTree = "<group>"; };
		F569394B1B1AF2CE002D3A3D /* NearTackListView.swift */ = {isa = PBXFileReference; fileEncoding = 4; lastKnownFileType = sourcecode.swift; path = NearTackListView.swift; sourceTree = "<group>"; };
		F569394D1B1AF2E0002D3A3D /* NearTackListView.xib */ = {isa = PBXFileReference; fileEncoding = 4; lastKnownFileType = file.xib; path = NearTackListView.xib; sourceTree = "<group>"; };
/* End PBXFileReference section */

/* Begin PBXFrameworksBuildPhase section */
		18C8053C1A964E7600310A0A /* Frameworks */ = {
			isa = PBXFrameworksBuildPhase;
			buildActionMask = 2147483647;
			files = (
				185E4A9D1AEC996D00A2F8B7 /* QuartzCore.framework in Frameworks */,
				188D75D71ABEA0F70004350C /* AppiariesSDK.framework in Frameworks */,
				18C8056D1A964FFB00310A0A /* CoreLocation.framework in Frameworks */,
				79CEBDBB6CD9A317ABEDE9FC /* libPods.a in Frameworks */,
			);
			runOnlyForDeploymentPostprocessing = 0;
		};
		18C805541A964E7600310A0A /* Frameworks */ = {
			isa = PBXFrameworksBuildPhase;
			buildActionMask = 2147483647;
			files = (
			);
			runOnlyForDeploymentPostprocessing = 0;
		};
/* End PBXFrameworksBuildPhase section */

/* Begin PBXGroup section */
		1515F96AA0B1503771B61E45 /* Pods */ = {
			isa = PBXGroup;
			children = (
				8F2E52A56C50BF63EB07CC17 /* Pods.debug.xcconfig */,
				DC45FA1B2FF5A8270E8E3D39 /* Pods.release.xcconfig */,
			);
			name = Pods;
			sourceTree = "<group>";
		};
		18383F8C1B04F6B1008FD8F2 /* TACK_INFO */ = {
			isa = PBXGroup;
			children = (
				18F042731AF5336100A5151C /* fukidasi_pink.png */,
				18383F8D1B04F6C5008FD8F2 /* fukidasi_brue.png */,
				18383F8E1B04F6C5008FD8F2 /* fukidasi_yellow.png */,
			);
			name = TACK_INFO;
			sourceTree = "<group>";
		};
		1840F3F31ACFF71F00FAEF5C /* LeftBoard */ = {
			isa = PBXGroup;
			children = (
				1840F3EB1ACFE40E00FAEF5C /* LeftboardViewController.swift */,
				1840F3ED1ACFF3E000FAEF5C /* RegisterAcountViewController.swift */,
				1840F3F41AD0113100FAEF5C /* TackListViewController.swift */,
				1840F3EF1ACFF6D000FAEF5C /* EditSettingViewController.swift */,
				1840F3F11ACFF71A00FAEF5C /* WhatAppViewController.swift */,
			);
			name = LeftBoard;
			sourceTree = "<group>";
		};
		1840F4021AD1063D00FAEF5C /* Images */ = {
			isa = PBXGroup;
			children = (
				18383F8C1B04F6B1008FD8F2 /* TACK_INFO */,
				18F0426E1AF1298F00A5151C /* COMMON_ICON */,
				185E4A7D1AE6934E00A2F8B7 /* TACK_WRITE */,
				185E4A7B1AE3E2A800A2F8B7 /* PIN */,
				185E4A7C1AE3E2BF00A2F8B7 /* TOP_ICON */,
			);
			name = Images;
			sourceTree = "<group>";
		};
		185E4A7B1AE3E2A800A2F8B7 /* PIN */ = {
			isa = PBXGroup;
			children = (
				F56939431B18C38B002D3A3D /* pin03_activity.png */,
				F56939451B18C39B002D3A3D /* pin01_food.png */,
				F56939471B18C3A3002D3A3D /* pin04_mytack.png */,
				F56939491B18C3A9002D3A3D /* pin02_shopping.png */,
				185E4A731AE3E29000A2F8B7 /* pin01_food_.png */,
				185E4A751AE3E29700A2F8B7 /* pin02_shopping_.png */,
				185E4A771AE3E29A00A2F8B7 /* pin03_activity_.png */,
				185E4A791AE3E29F00A2F8B7 /* pin04_mytack_.png */,
			);
			name = PIN;
			sourceTree = "<group>";
		};
		185E4A7C1AE3E2BF00A2F8B7 /* TOP_ICON */ = {
			isa = PBXGroup;
			children = (
				1840F40B1AD120F800FAEF5C /* icon00_tack.png */,
				18F0426F1AF12E6A00A5151C /* icon00_tack_back.png */,
				1840F4061AD11F0900FAEF5C /* icon01_food.png */,
				1840F4051AD11F0900FAEF5C /* icon02_shopping.png */,
				1840F4041AD11F0900FAEF5C /* icon03_activity.png */,
				1840F4031AD11F0900FAEF5C /* icon04_mytack.png */,
			);
			name = TOP_ICON;
			sourceTree = "<group>";
		};
		185E4A7D1AE6934E00A2F8B7 /* TACK_WRITE */ = {
			isa = PBXGroup;
			children = (
				185E4A9E1AECB4F900A2F8B7 /* noimage.png */,
				185E4A7E1AE6937900A2F8B7 /* button01_camera_food.png */,
				185E4A7F1AE6937900A2F8B7 /* button01_picture_food.png */,
				185E4A801AE6937900A2F8B7 /* button02_camera_shopping.png */,
				185E4A811AE6937900A2F8B7 /* button02_picture_shopping.png */,
				185E4A821AE6937900A2F8B7 /* button03_camera_activity.png */,
				185E4A831AE6937900A2F8B7 /* button03_picture_activity.png */,
				185E4A841AE6937900A2F8B7 /* button01_food.png */,
				185E4A851AE6937900A2F8B7 /* button02_shopping.png */,
				185E4A861AE6937900A2F8B7 /* kakikomigamen_design-02.jpg */,
				185E4A871AE6937900A2F8B7 /* button03_activity.png */,
				185E4A881AE6937900A2F8B7 /* gazou_batu-01.png */,
			);
			name = TACK_WRITE;
			sourceTree = "<group>";
		};
		185E4A961AE697CC00A2F8B7 /* Top */ = {
			isa = PBXGroup;
			children = (
				185E4A941AE6945100A2F8B7 /* TackWriteView.xib */,
				185E4A9A1AE6986000A2F8B7 /* TackWriteView.swift */,
				F569394D1B1AF2E0002D3A3D /* NearTackListView.xib */,
				F569394B1B1AF2CE002D3A3D /* NearTackListView.swift */,
			);
			name = Top;
			sourceTree = "<group>";
		};
		185E4A971AE697D800A2F8B7 /* Detail */ = {
			isa = PBXGroup;
			children = (
				1840F3FE1AD1050900FAEF5C /* ReplyView.xib */,
				1840F3FC1AD104F700FAEF5C /* ReplyView.swift */,
			);
			name = Detail;
			sourceTree = "<group>";
		};
		185E4A981AE697E300A2F8B7 /* SelfTack */ = {
			isa = PBXGroup;
			children = (
				1840F3F81AD0D30100FAEF5C /* SelfTackList.xib */,
				1840F3FA1AD0D4A800FAEF5C /* SelfTackListCell.swift */,
			);
			name = SelfTack;
			sourceTree = "<group>";
		};
		185E4A991AE697ED00A2F8B7 /* InfoView */ = {
			isa = PBXGroup;
			children = (
				188D75DC1AC19E170004350C /* InfoView.xib */,
				188D75DE1AC19FED0004350C /* InfoView.swift */,
			);
			name = InfoView;
			sourceTree = "<group>";
		};
		18BE01C41AAAB33B00AB8436 /* Controller */ = {
			isa = PBXGroup;
			children = (
				18CFE9831AED3C5D00EECEC4 /* Login */,
				1840F3F31ACFF71F00FAEF5C /* LeftBoard */,
				18C8056A1A964FB600310A0A /* MainViewController.swift */,
				18C5D92A1AAAE95E00AF7EBB /* SnapCameraViewController.swift */,
				18B7D3331AC7DC33009283B6 /* InfoViewDetailViewController.swift */,
			);
			name = Controller;
			sourceTree = "<group>";
		};
		18BE01C51AAAB35800AB8436 /* lib */ = {
			isa = PBXGroup;
			children = (
				18C805671A964F6600310A0A /* jp.spinach.basho.swift.02-Bridging-Header.h */,
				1840F3E91ACFE20900FAEF5C /* SlideMenuController.swift */,
				18C8056E1A96555900310A0A /* SwiftyJSON.swift */,
			);
			name = lib;
			sourceTree = "<group>";
		};
		18BE01C61AAAB36700AB8436 /* View */ = {
			isa = PBXGroup;
			children = (
				18C805501A964E7600310A0A /* LaunchScreen.xib */,
				18C805681A964FA400310A0A /* Main.storyboard */,
				185E4A961AE697CC00A2F8B7 /* Top */,
				185E4A971AE697D800A2F8B7 /* Detail */,
				185E4A981AE697E300A2F8B7 /* SelfTack */,
				185E4A991AE697ED00A2F8B7 /* InfoView */,
			);
			name = View;
			sourceTree = "<group>";
		};
		18C5D9201AAAB8BD00AF7EBB /* Logic */ = {
			isa = PBXGroup;
			children = (
				18C5D9211AAAB92900AF7EBB /* MapLogic.swift */,
				18383F931B04F71E008FD8F2 /* DateLogic.swift */,
				188D75D81ABEBBBC0004350C /* Random.swift */,
				188D75DA1ABECB700004350C /* ImageLogic.swift */,
				1840F3F61AD03CC100FAEF5C /* HTTPLogic.swift */,
				18B7D3351AC84BEC009283B6 /* LocalDataLogic.swift */,
				18F042711AF4F6B400A5151C /* SceneLogic.swift */,
			);
			name = Logic;
			sourceTree = "<group>";
		};
		18C5D9251AAACCEE00AF7EBB /* Enum */ = {
			isa = PBXGroup;
			children = (
				18C5D9261AAACCFC00AF7EBB /* Category.swift */,
				18C5D9281AAACD5200AF7EBB /* State.swift */,
			);
			name = Enum;
			sourceTree = "<group>";
		};
		18C805361A964E7600310A0A = {
			isa = PBXGroup;
			children = (
				F56939411B14C8F6002D3A3D /* html */,
				18C805411A964E7600310A0A /* jp.spinach.basho.swift.02 */,
				18C8055A1A964E7600310A0A /* jp.spinach.basho.swift.02Tests */,
				18C805401A964E7600310A0A /* Products */,
				37473ADF163BD3AEBDCA8D97 /* Frameworks */,
				1515F96AA0B1503771B61E45 /* Pods */,
			);
			sourceTree = "<group>";
		};
		18C805401A964E7600310A0A /* Products */ = {
			isa = PBXGroup;
			children = (
				18C8053F1A964E7600310A0A /* jp.spinach.basho.swift.02.app */,
				18C805571A964E7600310A0A /* jp.spinach.basho.swift.02Tests.xctest */,
			);
			name = Products;
			sourceTree = "<group>";
		};
		18C805411A964E7600310A0A /* jp.spinach.basho.swift.02 */ = {
			isa = PBXGroup;
			children = (
				1840F4021AD1063D00FAEF5C /* Images */,
				18BE01C51AAAB35800AB8436 /* lib */,
				18C805701A97A15300310A0A /* GMSMarkerExt.swift */,
				18383F911B04F6FF008FD8F2 /* Tack.swift */,
				185E4AA01AECB96C00A2F8B7 /* UITextViewExt.swift */,
				188D75D41ABDAF680004350C /* Setting.swift */,
				18C805441A964E7600310A0A /* AppDelegate.swift */,
				18C805491A964E7600310A0A /* ViewControllerExt.swift */,
				18C5D9251AAACCEE00AF7EBB /* Enum */,
				18C5D9201AAAB8BD00AF7EBB /* Logic */,
				18BE01C41AAAB33B00AB8436 /* Controller */,
				18BE01C61AAAB36700AB8436 /* View */,
				18C8054E1A964E7600310A0A /* Images.xcassets */,
				18C805461A964E7600310A0A /* jp_spinach_basho_swift_02.xcdatamodeld */,
				18C805421A964E7600310A0A /* Supporting Files */,
			);
			path = jp.spinach.basho.swift.02;
			sourceTree = "<group>";
		};
		18C805421A964E7600310A0A /* Supporting Files */ = {
			isa = PBXGroup;
			children = (
				18C805431A964E7600310A0A /* Info.plist */,
			);
			name = "Supporting Files";
			sourceTree = "<group>";
		};
		18C8055A1A964E7600310A0A /* jp.spinach.basho.swift.02Tests */ = {
			isa = PBXGroup;
			children = (
				18C8055D1A964E7600310A0A /* jp_spinach_basho_swift_02Tests.swift */,
				18C8055B1A964E7600310A0A /* Supporting Files */,
			);
			path = jp.spinach.basho.swift.02Tests;
			sourceTree = "<group>";
		};
		18C8055B1A964E7600310A0A /* Supporting Files */ = {
			isa = PBXGroup;
			children = (
				18C8055C1A964E7600310A0A /* Info.plist */,
			);
			name = "Supporting Files";
			sourceTree = "<group>";
		};
		18CFE9831AED3C5D00EECEC4 /* Login */ = {
			isa = PBXGroup;
			children = (
				18CFE9841AED3C7F00EECEC4 /* SignUpViewController.swift */,
				18CFE9861AED3C9500EECEC4 /* Login.storyboard */,
			);
			name = Login;
			sourceTree = "<group>";
		};
		18F0426E1AF1298F00A5151C /* COMMON_ICON */ = {
			isa = PBXGroup;
			children = (
				18F0426C1AF1298700A5151C /* left_menu-01.png */,
			);
			name = COMMON_ICON;
			sourceTree = "<group>";
		};
		37473ADF163BD3AEBDCA8D97 /* Frameworks */ = {
			isa = PBXGroup;
			children = (
				185E4A9C1AEC996D00A2F8B7 /* QuartzCore.framework */,
				188D75D61ABEA0F70004350C /* AppiariesSDK.framework */,
				18C8056C1A964FFB00310A0A /* CoreLocation.framework */,
				1A397054802405404586870A /* libPods.a */,
			);
			name = Frameworks;
			sourceTree = "<group>";
		};
/* End PBXGroup section */

/* Begin PBXNativeTarget section */
		18C8053E1A964E7600310A0A /* jp.spinach.basho.swift.02 */ = {
			isa = PBXNativeTarget;
			buildConfigurationList = 18C805611A964E7600310A0A /* Build configuration list for PBXNativeTarget "jp.spinach.basho.swift.02" */;
			buildPhases = (
				B33E67BEBDBAD2F0EE5E0E4E /* Check Pods Manifest.lock */,
				18C8053B1A964E7600310A0A /* Sources */,
				18C8053C1A964E7600310A0A /* Frameworks */,
				18C8053D1A964E7600310A0A /* Resources */,
				89E542FF618AFF4124252C55 /* Copy Pods Resources */,
			);
			buildRules = (
			);
			dependencies = (
			);
			name = jp.spinach.basho.swift.02;
			productName = jp.spinach.basho.swift.02;
			productReference = 18C8053F1A964E7600310A0A /* jp.spinach.basho.swift.02.app */;
			productType = "com.apple.product-type.application";
		};
		18C805561A964E7600310A0A /* jp.spinach.basho.swift.02Tests */ = {
			isa = PBXNativeTarget;
			buildConfigurationList = 18C805641A964E7600310A0A /* Build configuration list for PBXNativeTarget "jp.spinach.basho.swift.02Tests" */;
			buildPhases = (
				18C805531A964E7600310A0A /* Sources */,
				18C805541A964E7600310A0A /* Frameworks */,
				18C805551A964E7600310A0A /* Resources */,
			);
			buildRules = (
			);
			dependencies = (
				18C805591A964E7600310A0A /* PBXTargetDependency */,
			);
			name = jp.spinach.basho.swift.02Tests;
			productName = jp.spinach.basho.swift.02Tests;
			productReference = 18C805571A964E7600310A0A /* jp.spinach.basho.swift.02Tests.xctest */;
			productType = "com.apple.product-type.bundle.unit-test";
		};
/* End PBXNativeTarget section */

/* Begin PBXProject section */
		18C805371A964E7600310A0A /* Project object */ = {
			isa = PBXProject;
			attributes = {
				LastUpgradeCheck = 0610;
				ORGANIZATIONNAME = Spinach;
				TargetAttributes = {
					18C8053E1A964E7600310A0A = {
						CreatedOnToolsVersion = 6.1.1;
						DevelopmentTeam = E725DHPGHX;
					};
					18C805561A964E7600310A0A = {
						CreatedOnToolsVersion = 6.1.1;
						TestTargetID = 18C8053E1A964E7600310A0A;
					};
				};
			};
			buildConfigurationList = 18C8053A1A964E7600310A0A /* Build configuration list for PBXProject "jp.spinach.basho.swift.02" */;
			compatibilityVersion = "Xcode 3.2";
			developmentRegion = English;
			hasScannedForEncodings = 0;
			knownRegions = (
				en,
				Base,
			);
			mainGroup = 18C805361A964E7600310A0A;
			productRefGroup = 18C805401A964E7600310A0A /* Products */;
			projectDirPath = "";
			projectRoot = "";
			targets = (
				18C8053E1A964E7600310A0A /* jp.spinach.basho.swift.02 */,
				18C805561A964E7600310A0A /* jp.spinach.basho.swift.02Tests */,
			);
		};
/* End PBXProject section */

/* Begin PBXResourcesBuildPhase section */
		18C8053D1A964E7600310A0A /* Resources */ = {
			isa = PBXResourcesBuildPhase;
			buildActionMask = 2147483647;
			files = (
				F569394F1B1AFF40002D3A3D /* NearTackListView.xib in Resources */,
				185E4A921AE6937900A2F8B7 /* button03_activity.png in Resources */,
				188D75DD1AC19E170004350C /* InfoView.xib in Resources */,
				1840F40A1AD11F0900FAEF5C /* icon01_food.png in Resources */,
				F56939441B18C38B002D3A3D /* pin03_activity.png in Resources */,
				1840F4091AD11F0900FAEF5C /* icon02_shopping.png in Resources */,
				1840F3F91AD0D30100FAEF5C /* SelfTackList.xib in Resources */,
				18F042741AF5336100A5151C /* fukidasi_pink.png in Resources */,
				185E4A8E1AE6937900A2F8B7 /* button03_picture_activity.png in Resources */,
				18C805691A964FA400310A0A /* Main.storyboard in Resources */,
				185E4A741AE3E29000A2F8B7 /* pin01_food_.png in Resources */,
				185E4A761AE3E29700A2F8B7 /* pin02_shopping_.png in Resources */,
				185E4A891AE6937900A2F8B7 /* button01_camera_food.png in Resources */,
				185E4A781AE3E29A00A2F8B7 /* pin03_activity_.png in Resources */,
				18F042701AF12E6A00A5151C /* icon00_tack_back.png in Resources */,
				185E4A951AE6945100A2F8B7 /* TackWriteView.xib in Resources */,
				1840F40C1AD120F800FAEF5C /* icon00_tack.png in Resources */,
				185E4A8D1AE6937900A2F8B7 /* button03_camera_activity.png in Resources */,
				185E4A931AE6937900A2F8B7 /* gazou_batu-01.png in Resources */,
				185E4A9F1AECB4F900A2F8B7 /* noimage.png in Resources */,
				185E4A8F1AE6937900A2F8B7 /* button01_food.png in Resources */,
				F56939421B14C8F6002D3A3D /* html in Resources */,
				185E4A8B1AE6937900A2F8B7 /* button02_camera_shopping.png in Resources */,
				18383F8F1B04F6C5008FD8F2 /* fukidasi_brue.png in Resources */,
				185E4A8A1AE6937900A2F8B7 /* button01_picture_food.png in Resources */,
				18C805521A964E7600310A0A /* LaunchScreen.xib in Resources */,
				18C8054F1A964E7600310A0A /* Images.xcassets in Resources */,
				F56939461B18C39B002D3A3D /* pin01_food.png in Resources */,
				1840F4071AD11F0900FAEF5C /* icon04_mytack.png in Resources */,
				185E4A911AE6937900A2F8B7 /* kakikomigamen_design-02.jpg in Resources */,
				F56939481B18C3A3002D3A3D /* pin04_mytack.png in Resources */,
				185E4A901AE6937900A2F8B7 /* button02_shopping.png in Resources */,
				18383F901B04F6C5008FD8F2 /* fukidasi_yellow.png in Resources */,
				18F0426D1AF1298700A5151C /* left_menu-01.png in Resources */,
				18CFE9871AED3C9500EECEC4 /* Login.storyboard in Resources */,
				185E4A8C1AE6937900A2F8B7 /* button02_picture_shopping.png in Resources */,
				1840F4081AD11F0900FAEF5C /* icon03_activity.png in Resources */,
				185E4A7A1AE3E29F00A2F8B7 /* pin04_mytack_.png in Resources */,
				F569394A1B18C3A9002D3A3D /* pin02_shopping.png in Resources */,
				1840F3FF1AD1050900FAEF5C /* ReplyView.xib in Resources */,
			);
			runOnlyForDeploymentPostprocessing = 0;
		};
		18C805551A964E7600310A0A /* Resources */ = {
			isa = PBXResourcesBuildPhase;
			buildActionMask = 2147483647;
			files = (
			);
			runOnlyForDeploymentPostprocessing = 0;
		};
/* End PBXResourcesBuildPhase section */

/* Begin PBXShellScriptBuildPhase section */
		89E542FF618AFF4124252C55 /* Copy Pods Resources */ = {
			isa = PBXShellScriptBuildPhase;
			buildActionMask = 2147483647;
			files = (
			);
			inputPaths = (
			);
			name = "Copy Pods Resources";
			outputPaths = (
			);
			runOnlyForDeploymentPostprocessing = 0;
			shellPath = /bin/sh;
			shellScript = "\"${SRCROOT}/Pods/Target Support Files/Pods/Pods-resources.sh\"\n";
			showEnvVarsInLog = 0;
		};
		B33E67BEBDBAD2F0EE5E0E4E /* Check Pods Manifest.lock */ = {
			isa = PBXShellScriptBuildPhase;
			buildActionMask = 2147483647;
			files = (
			);
			inputPaths = (
			);
			name = "Check Pods Manifest.lock";
			outputPaths = (
			);
			runOnlyForDeploymentPostprocessing = 0;
			shellPath = /bin/sh;
			shellScript = "diff \"${PODS_ROOT}/../Podfile.lock\" \"${PODS_ROOT}/Manifest.lock\" > /dev/null\nif [[ $? != 0 ]] ; then\n    cat << EOM\nerror: The sandbox is not in sync with the Podfile.lock. Run 'pod install' or update your CocoaPods installation.\nEOM\n    exit 1\nfi\n";
			showEnvVarsInLog = 0;
		};
/* End PBXShellScriptBuildPhase section */

/* Begin PBXSourcesBuildPhase section */
		18C8053B1A964E7600310A0A /* Sources */ = {
			isa = PBXSourcesBuildPhase;
			buildActionMask = 2147483647;
			files = (
				1840F3FB1AD0D4A800FAEF5C /* SelfTackListCell.swift in Sources */,
				1840F3F71AD03CC100FAEF5C /* HTTPLogic.swift in Sources */,
				188D75DB1ABECB700004350C /* ImageLogic.swift in Sources */,
				1840F3F01ACFF6D000FAEF5C /* EditSettingViewController.swift in Sources */,
				1840F3F51AD0113100FAEF5C /* TackListViewController.swift in Sources */,
				185E4AA11AECB96C00A2F8B7 /* UITextViewExt.swift in Sources */,
				18C8054A1A964E7600310A0A /* ViewControllerExt.swift in Sources */,
				18C5D9221AAAB92900AF7EBB /* MapLogic.swift in Sources */,
				18383F921B04F6FF008FD8F2 /* Tack.swift in Sources */,
				188D75D91ABEBBBC0004350C /* Random.swift in Sources */,
				18F042721AF4F6B400A5151C /* SceneLogic.swift in Sources */,
				1840F3EA1ACFE20900FAEF5C /* SlideMenuController.swift in Sources */,
				188D75D51ABDAF680004350C /* Setting.swift in Sources */,
				18C805711A97A15300310A0A /* GMSMarkerExt.swift in Sources */,
				1840F3F21ACFF71A00FAEF5C /* WhatAppViewController.swift in Sources */,
				18C5D9291AAACD5200AF7EBB /* State.swift in Sources */,
				18C805481A964E7600310A0A /* jp_spinach_basho_swift_02.xcdatamodeld in Sources */,
				F569394C1B1AF2CE002D3A3D /* NearTackListView.swift in Sources */,
				185E4A9B1AE6986000A2F8B7 /* TackWriteView.swift in Sources */,
				18CFE9851AED3C7F00EECEC4 /* SignUpViewController.swift in Sources */,
				18C805451A964E7600310A0A /* AppDelegate.swift in Sources */,
				18C5D9271AAACCFC00AF7EBB /* Category.swift in Sources */,
				18C8056F1A96555900310A0A /* SwiftyJSON.swift in Sources */,
				1840F3EC1ACFE40E00FAEF5C /* LeftboardViewController.swift in Sources */,
				18C5D92B1AAAE95E00AF7EBB /* SnapCameraViewController.swift in Sources */,
				1840F3FD1AD104F700FAEF5C /* ReplyView.swift in Sources */,
				18B7D3361AC84BEC009283B6 /* LocalDataLogic.swift in Sources */,
				18383F941B04F71E008FD8F2 /* DateLogic.swift in Sources */,
				1840F3EE1ACFF3E000FAEF5C /* RegisterAcountViewController.swift in Sources */,
				18C8056B1A964FB600310A0A /* MainViewController.swift in Sources */,
				188D75DF1AC19FED0004350C /* InfoView.swift in Sources */,
				18B7D3341AC7DC33009283B6 /* InfoViewDetailViewController.swift in Sources */,
			);
			runOnlyForDeploymentPostprocessing = 0;
		};
		18C805531A964E7600310A0A /* Sources */ = {
			isa = PBXSourcesBuildPhase;
			buildActionMask = 2147483647;
			files = (
				18C8055E1A964E7600310A0A /* jp_spinach_basho_swift_02Tests.swift in Sources */,
			);
			runOnlyForDeploymentPostprocessing = 0;
		};
/* End PBXSourcesBuildPhase section */

/* Begin PBXTargetDependency section */
		18C805591A964E7600310A0A /* PBXTargetDependency */ = {
			isa = PBXTargetDependency;
			target = 18C8053E1A964E7600310A0A /* jp.spinach.basho.swift.02 */;
			targetProxy = 18C805581A964E7600310A0A /* PBXContainerItemProxy */;
		};
/* End PBXTargetDependency section */

/* Begin PBXVariantGroup section */
		18C805501A964E7600310A0A /* LaunchScreen.xib */ = {
			isa = PBXVariantGroup;
			children = (
				18C805511A964E7600310A0A /* Base */,
			);
			name = LaunchScreen.xib;
			sourceTree = "<group>";
		};
/* End PBXVariantGroup section */

/* Begin XCBuildConfiguration section */
		18C8055F1A964E7600310A0A /* Debug */ = {
			isa = XCBuildConfiguration;
			buildSettings = {
				ALWAYS_SEARCH_USER_PATHS = NO;
				CLANG_CXX_LANGUAGE_STANDARD = "gnu++0x";
				CLANG_CXX_LIBRARY = "libc++";
				CLANG_ENABLE_MODULES = YES;
				CLANG_ENABLE_OBJC_ARC = YES;
				CLANG_WARN_BOOL_CONVERSION = YES;
				CLANG_WARN_CONSTANT_CONVERSION = YES;
				CLANG_WARN_DIRECT_OBJC_ISA_USAGE = YES_ERROR;
				CLANG_WARN_EMPTY_BODY = YES;
				CLANG_WARN_ENUM_CONVERSION = YES;
				CLANG_WARN_INT_CONVERSION = YES;
				CLANG_WARN_OBJC_ROOT_CLASS = YES_ERROR;
				CLANG_WARN_UNREACHABLE_CODE = YES;
				CLANG_WARN__DUPLICATE_METHOD_MATCH = YES;
				"CODE_SIGN_IDENTITY[sdk=iphoneos*]" = "iPhone Developer";
				COPY_PHASE_STRIP = NO;
				ENABLE_STRICT_OBJC_MSGSEND = YES;
				GCC_C_LANGUAGE_STANDARD = gnu99;
				GCC_DYNAMIC_NO_PIC = NO;
				GCC_OPTIMIZATION_LEVEL = 0;
				GCC_PREPROCESSOR_DEFINITIONS = (
					"DEBUG=1",
					"$(inherited)",
				);
				GCC_SYMBOLS_PRIVATE_EXTERN = NO;
				GCC_WARN_64_TO_32_BIT_CONVERSION = YES;
				GCC_WARN_ABOUT_RETURN_TYPE = YES_ERROR;
				GCC_WARN_UNDECLARED_SELECTOR = YES;
				GCC_WARN_UNINITIALIZED_AUTOS = YES_AGGRESSIVE;
				GCC_WARN_UNUSED_FUNCTION = YES;
				GCC_WARN_UNUSED_VARIABLE = YES;
				IPHONEOS_DEPLOYMENT_TARGET = 8.1;
				MTL_ENABLE_DEBUG_INFO = YES;
				ONLY_ACTIVE_ARCH = YES;
				SDKROOT = iphoneos;
				SWIFT_OPTIMIZATION_LEVEL = "-Onone";
			};
			name = Debug;
		};
		18C805601A964E7600310A0A /* Release */ = {
			isa = XCBuildConfiguration;
			buildSettings = {
				ALWAYS_SEARCH_USER_PATHS = NO;
				CLANG_CXX_LANGUAGE_STANDARD = "gnu++0x";
				CLANG_CXX_LIBRARY = "libc++";
				CLANG_ENABLE_MODULES = YES;
				CLANG_ENABLE_OBJC_ARC = YES;
				CLANG_WARN_BOOL_CONVERSION = YES;
				CLANG_WARN_CONSTANT_CONVERSION = YES;
				CLANG_WARN_DIRECT_OBJC_ISA_USAGE = YES_ERROR;
				CLANG_WARN_EMPTY_BODY = YES;
				CLANG_WARN_ENUM_CONVERSION = YES;
				CLANG_WARN_INT_CONVERSION = YES;
				CLANG_WARN_OBJC_ROOT_CLASS = YES_ERROR;
				CLANG_WARN_UNREACHABLE_CODE = YES;
				CLANG_WARN__DUPLICATE_METHOD_MATCH = YES;
				"CODE_SIGN_IDENTITY[sdk=iphoneos*]" = "iPhone Developer";
				COPY_PHASE_STRIP = YES;
				ENABLE_NS_ASSERTIONS = NO;
				ENABLE_STRICT_OBJC_MSGSEND = YES;
				GCC_C_LANGUAGE_STANDARD = gnu99;
				GCC_WARN_64_TO_32_BIT_CONVERSION = YES;
				GCC_WARN_ABOUT_RETURN_TYPE = YES_ERROR;
				GCC_WARN_UNDECLARED_SELECTOR = YES;
				GCC_WARN_UNINITIALIZED_AUTOS = YES_AGGRESSIVE;
				GCC_WARN_UNUSED_FUNCTION = YES;
				GCC_WARN_UNUSED_VARIABLE = YES;
				IPHONEOS_DEPLOYMENT_TARGET = 8.1;
				MTL_ENABLE_DEBUG_INFO = NO;
				SDKROOT = iphoneos;
				VALIDATE_PRODUCT = YES;
			};
			name = Release;
		};
		18C805621A964E7600310A0A /* Debug */ = {
			isa = XCBuildConfiguration;
			baseConfigurationReference = 8F2E52A56C50BF63EB07CC17 /* Pods.debug.xcconfig */;
			buildSettings = {
				ASSETCATALOG_COMPILER_APPICON_NAME = AppIcon;
				CODE_SIGN_IDENTITY = "iPhone Developer";
				"CODE_SIGN_IDENTITY[sdk=iphoneos*]" = "iPhone Developer";
				FRAMEWORK_SEARCH_PATHS = (
					"$(inherited)",
					"$(PROJECT_DIR)",
				);
				INFOPLIST_FILE = jp.spinach.basho.swift.02/Info.plist;
				IPHONEOS_DEPLOYMENT_TARGET = 7.1;
				LD_RUNPATH_SEARCH_PATHS = "$(inherited) @executable_path/Frameworks";
				LIBRARY_SEARCH_PATHS = "$(PROJECT_DIR)/Pods/build/Debug-iphoneos";
				PRODUCT_NAME = "$(TARGET_NAME)";
				PROVISIONING_PROFILE = "";
				SWIFT_OBJC_BRIDGING_HEADER = "jp.spinach.basho.swift.02/jp.spinach.basho.swift.02-Bridging-Header.h";
			};
			name = Debug;
		};
		18C805631A964E7600310A0A /* Release */ = {
			isa = XCBuildConfiguration;
			baseConfigurationReference = DC45FA1B2FF5A8270E8E3D39 /* Pods.release.xcconfig */;
			buildSettings = {
				ASSETCATALOG_COMPILER_APPICON_NAME = AppIcon;
				CODE_SIGN_IDENTITY = "iPhone Developer";
				"CODE_SIGN_IDENTITY[sdk=iphoneos*]" = "iPhone Developer";
				FRAMEWORK_SEARCH_PATHS = (
					"$(inherited)",
					"$(PROJECT_DIR)",
				);
				INFOPLIST_FILE = jp.spinach.basho.swift.02/Info.plist;
				IPHONEOS_DEPLOYMENT_TARGET = 7.1;
				LD_RUNPATH_SEARCH_PATHS = "$(inherited) @executable_path/Frameworks";
				LIBRARY_SEARCH_PATHS = "$(PROJECT_DIR)/Pods/build/Debug-iphoneos";
				PRODUCT_NAME = "$(TARGET_NAME)";
				PROVISIONING_PROFILE = "";
				SWIFT_OBJC_BRIDGING_HEADER = "jp.spinach.basho.swift.02/jp.spinach.basho.swift.02-Bridging-Header.h";
			};
			name = Release;
		};
		18C805651A964E7600310A0A /* Debug */ = {
			isa = XCBuildConfiguration;
			buildSettings = {
				BUNDLE_LOADER = "$(TEST_HOST)";
				FRAMEWORK_SEARCH_PATHS = (
					"$(SDKROOT)/Developer/Library/Frameworks",
					"$(inherited)",
				);
				GCC_PREPROCESSOR_DEFINITIONS = (
					"DEBUG=1",
					"$(inherited)",
				);
				INFOPLIST_FILE = jp.spinach.basho.swift.02Tests/Info.plist;
				LD_RUNPATH_SEARCH_PATHS = "$(inherited) @executable_path/Frameworks @loader_path/Frameworks";
				PRODUCT_NAME = "$(TARGET_NAME)";
				TEST_HOST = "$(BUILT_PRODUCTS_DIR)/jp.spinach.basho.swift.02.app/jp.spinach.basho.swift.02";
			};
			name = Debug;
		};
		18C805661A964E7600310A0A /* Release */ = {
			isa = XCBuildConfiguration;
			buildSettings = {
				BUNDLE_LOADER = "$(TEST_HOST)";
				FRAMEWORK_SEARCH_PATHS = (
					"$(SDKROOT)/Developer/Library/Frameworks",
					"$(inherited)",
				);
				INFOPLIST_FILE = jp.spinach.basho.swift.02Tests/Info.plist;
				LD_RUNPATH_SEARCH_PATHS = "$(inherited) @executable_path/Frameworks @loader_path/Frameworks";
				PRODUCT_NAME = "$(TARGET_NAME)";
				TEST_HOST = "$(BUILT_PRODUCTS_DIR)/jp.spinach.basho.swift.02.app/jp.spinach.basho.swift.02";
			};
			name = Release;
		};
/* End XCBuildConfiguration section */

/* Begin XCConfigurationList section */
		18C8053A1A964E7600310A0A /* Build configuration list for PBXProject "jp.spinach.basho.swift.02" */ = {
			isa = XCConfigurationList;
			buildConfigurations = (
				18C8055F1A964E7600310A0A /* Debug */,
				18C805601A964E7600310A0A /* Release */,
			);
			defaultConfigurationIsVisible = 0;
			defaultConfigurationName = Release;
		};
		18C805611A964E7600310A0A /* Build configuration list for PBXNativeTarget "jp.spinach.basho.swift.02" */ = {
			isa = XCConfigurationList;
			buildConfigurations = (
				18C805621A964E7600310A0A /* Debug */,
				18C805631A964E7600310A0A /* Release */,
			);
			defaultConfigurationIsVisible = 0;
			defaultConfigurationName = Release;
		};
		18C805641A964E7600310A0A /* Build configuration list for PBXNativeTarget "jp.spinach.basho.swift.02Tests" */ = {
			isa = XCConfigurationList;
			buildConfigurations = (
				18C805651A964E7600310A0A /* Debug */,
				18C805661A964E7600310A0A /* Release */,
			);
			defaultConfigurationIsVisible = 0;
			defaultConfigurationName = Release;
		};
/* End XCConfigurationList section */

/* Begin XCVersionGroup section */
		18C805461A964E7600310A0A /* jp_spinach_basho_swift_02.xcdatamodeld */ = {
			isa = XCVersionGroup;
			children = (
				18C805471A964E7600310A0A /* jp_spinach_basho_swift_02.xcdatamodel */,
			);
			currentVersion = 18C805471A964E7600310A0A /* jp_spinach_basho_swift_02.xcdatamodel */;
			path = jp_spinach_basho_swift_02.xcdatamodeld;
			sourceTree = "<group>";
			versionGroupType = wrapper.xcdatamodel;
		};
/* End XCVersionGroup section */
	};
	rootObject = 18C805371A964E7600310A0A /* Project object */;
}
